{
  "name": "deps",
  "lockfileVersion": 3,
  "requires": true,
  "packages": {
    "": {
      "dependencies": {
        "@types/microsoft__typescript-etw": "0.1.1",
        "@types/node": "14.18.2",
        "typescript": "4.5.2"
      }
    },
    "node_modules/@types/microsoft__typescript-etw": {
      "version": "0.1.1",
      "resolved": "https://registry.npmjs.org/@types/microsoft__typescript-etw/-/microsoft__typescript-etw-0.1.1.tgz",
      "integrity": "sha512-zdgHyZJEwbFKI6zhOqWPsNMhlrAk6qMrn9VMA6VQtRt/F+jNJKeaHIMysuO9oTLv0fWcli0gwUrMv8MeFyb3Sw==",
      "license": "MIT"
    },
    "node_modules/@types/node": {
      "version": "14.18.2",
      "resolved": "https://registry.npmjs.org/@types/node/-/node-14.18.2.tgz",
      "integrity": "sha512-fqtSN5xn/bBzDxMT77C1rJg6CsH/R49E7qsGuvdPJa20HtV5zSTuLJPNfnlyVH3wauKnkHdLggTVkOW/xP9oQg==",
      "license": "MIT"
    },
    "node_modules/typescript": {
      "version": "4.5.2",
      "resolved": "https://registry.npmjs.org/typescript/-/typescript-4.5.2.tgz",
      "integrity": "sha512-5BlMof9H1yGt0P8/WF+wPNw6GfctgGjXp5hkblpyT+8rkASSmkUKMXrxR0Xg8ThVCi/JnHQiKXeBaEwCeQwMFw==",
      "license": "Apache-2.0",
      "bin": {
        "tsc": "bin/tsc",
        "tsserver": "bin/tsserver"
      },
      "engines": {
        "node": ">=4.2.0"
      }
    }
  }
}
